// !$*UTF8*$!
{
	archiveVersion = 1;
	classes = {
	};
	objectVersion = 50;
	objects = {

/* Begin PBXBuildFile section */
		0E398E942715EC3F0026160D /* CollectionViewCell.swift in Sources */ = {isa = PBXBuildFile; fileRef = 0E398E932715EC3F0026160D /* CollectionViewCell.swift */; };
		0EA7B4002715BE68007A69EC /* SentMemesCollectionViewController.swift in Sources */ = {isa = PBXBuildFile; fileRef = 0EA7B3FF2715BE68007A69EC /* SentMemesCollectionViewController.swift */; };
		0EA7B4022715BF2A007A69EC /* SentMemesTableViewController.swift in Sources */ = {isa = PBXBuildFile; fileRef = 0EA7B4012715BF2A007A69EC /* SentMemesTableViewController.swift */; };
		181FBC0E26B5DFCE0044398F /* impact.ttf in Resources */ = {isa = PBXBuildFile; fileRef = 181FBC0D26B5DFCE0044398F /* impact.ttf */; };
		18310E8426CDEA6A00206133 /* Meme.swift in Sources */ = {isa = PBXBuildFile; fileRef = 18310E8326CDEA6A00206133 /* Meme.swift */; };
		186EB4F026B5C17200D273E6 /* AppDelegate.swift in Sources */ = {isa = PBXBuildFile; fileRef = 186EB4EF26B5C17200D273E6 /* AppDelegate.swift */; };
		186EB4F226B5C17200D273E6 /* SceneDelegate.swift in Sources */ = {isa = PBXBuildFile; fileRef = 186EB4F126B5C17200D273E6 /* SceneDelegate.swift */; };
		186EB4F426B5C17200D273E6 /* ViewController.swift in Sources */ = {isa = PBXBuildFile; fileRef = 186EB4F326B5C17200D273E6 /* ViewController.swift */; };
		186EB4F726B5C17200D273E6 /* Main.storyboard in Resources */ = {isa = PBXBuildFile; fileRef = 186EB4F526B5C17200D273E6 /* Main.storyboard */; };
		186EB4F926B5C17400D273E6 /* Assets.xcassets in Resources */ = {isa = PBXBuildFile; fileRef = 186EB4F826B5C17400D273E6 /* Assets.xcassets */; };
		186EB4FC26B5C17400D273E6 /* LaunchScreen.storyboard in Resources */ = {isa = PBXBuildFile; fileRef = 186EB4FA26B5C17400D273E6 /* LaunchScreen.storyboard */; };
/* End PBXBuildFile section */

/* Begin PBXFileReference section */
		0E398E932715EC3F0026160D /* CollectionViewCell.swift */ = {isa = PBXFileReference; lastKnownFileType = sourcecode.swift; path = CollectionViewCell.swift; sourceTree = "<group>"; };
		0EA7B3FF2715BE68007A69EC /* SentMemesCollectionViewController.swift */ = {isa = PBXFileReference; lastKnownFileType = sourcecode.swift; path = SentMemesCollectionViewController.swift; sourceTree = "<group>"; };
		0EA7B4012715BF2A007A69EC /* SentMemesTableViewController.swift */ = {isa = PBXFileReference; lastKnownFileType = sourcecode.swift; path = SentMemesTableViewController.swift; sourceTree = "<group>"; };
		181FBC0D26B5DFCE0044398F /* impact.ttf */ = {isa = PBXFileReference; lastKnownFileType = file; path = impact.ttf; sourceTree = "<group>"; };
		18310E8326CDEA6A00206133 /* Meme.swift */ = {isa = PBXFileReference; lastKnownFileType = sourcecode.swift; path = Meme.swift; sourceTree = "<group>"; };
		186EB4EC26B5C17200D273E6 /* Memevers2.0.app */ = {isa = PBXFileReference; explicitFileType = wrapper.application; includeInIndex = 0; path = Memevers2.0.app; sourceTree = BUILT_PRODUCTS_DIR; };
		186EB4EF26B5C17200D273E6 /* AppDelegate.swift */ = {isa = PBXFileReference; lastKnownFileType = sourcecode.swift; path = AppDelegate.swift; sourceTree = "<group>"; };
		186EB4F126B5C17200D273E6 /* SceneDelegate.swift */ = {isa = PBXFileReference; lastKnownFileType = sourcecode.swift; path = SceneDelegate.swift; sourceTree = "<group>"; };
		186EB4F326B5C17200D273E6 /* ViewController.swift */ = {isa = PBXFileReference; lastKnownFileType = sourcecode.swift; path = ViewController.swift; sourceTree = "<group>"; };
		186EB4F626B5C17200D273E6 /* Base */ = {isa = PBXFileReference; lastKnownFileType = file.storyboard; name = Base; path = Base.lproj/Main.storyboard; sourceTree = "<group>"; };
		186EB4F826B5C17400D273E6 /* Assets.xcassets */ = {isa = PBXFileReference; lastKnownFileType = folder.assetcatalog; path = Assets.xcassets; sourceTree = "<group>"; };
		186EB4FB26B5C17400D273E6 /* Base */ = {isa = PBXFileReference; lastKnownFileType = file.storyboard; name = Base; path = Base.lproj/LaunchScreen.storyboard; sourceTree = "<group>"; };
		186EB4FD26B5C17400D273E6 /* Info.plist */ = {isa = PBXFileReference; lastKnownFileType = text.plist.xml; path = Info.plist; sourceTree = "<group>"; };
/* End PBXFileReference section */

/* Begin PBXFrameworksBuildPhase section */
		186EB4E926B5C17200D273E6 /* Frameworks */ = {
			isa = PBXFrameworksBuildPhase;
			buildActionMask = 2147483647;
			files = (
			);
			runOnlyForDeploymentPostprocessing = 0;
		};
/* End PBXFrameworksBuildPhase section */

/* Begin PBXGroup section */
		181FBC1026B5DFD60044398F /* fonts */ = {
			isa = PBXGroup;
			children = (
				181FBC0D26B5DFCE0044398F /* impact.ttf */,
			);
			path = fonts;
			sourceTree = "<group>";
		};
		186EB4E326B5C17200D273E6 = {
			isa = PBXGroup;
			children = (
				186EB4EE26B5C17200D273E6 /* Memevers2.0 */,
				186EB4ED26B5C17200D273E6 /* Products */,
			);
			sourceTree = "<group>";
		};
		186EB4ED26B5C17200D273E6 /* Products */ = {
			isa = PBXGroup;
			children = (
				186EB4EC26B5C17200D273E6 /* Memevers2.0.app */,
			);
			name = Products;
			sourceTree = "<group>";
		};
		186EB4EE26B5C17200D273E6 /* Memevers2.0 */ = {
			isa = PBXGroup;
			children = (
				186EB4EF26B5C17200D273E6 /* AppDelegate.swift */,
				186EB4F126B5C17200D273E6 /* SceneDelegate.swift */,
				186EB4F326B5C17200D273E6 /* ViewController.swift */,
				18310E8326CDEA6A00206133 /* Meme.swift */,
				186EB4F526B5C17200D273E6 /* Main.storyboard */,
				0EA7B4012715BF2A007A69EC /* SentMemesTableViewController.swift */,
				0EA7B3FF2715BE68007A69EC /* SentMemesCollectionViewController.swift */,
				186EB4F826B5C17400D273E6 /* Assets.xcassets */,
				186EB4FA26B5C17400D273E6 /* LaunchScreen.storyboard */,
				181FBC1026B5DFD60044398F /* fonts */,
				186EB4FD26B5C17400D273E6 /* Info.plist */,
				0E398E932715EC3F0026160D /* CollectionViewCell.swift */,
			);
			path = Memevers2.0;
			sourceTree = "<group>";
		};
/* End PBXGroup section */

/* Begin PBXNativeTarget section */
		186EB4EB26B5C17200D273E6 /* Memevers2.0 */ = {
			isa = PBXNativeTarget;
			buildConfigurationList = 186EB50026B5C17400D273E6 /* Build configuration list for PBXNativeTarget "Memevers2.0" */;
			buildPhases = (
				186EB4E826B5C17200D273E6 /* Sources */,
				186EB4E926B5C17200D273E6 /* Frameworks */,
				186EB4EA26B5C17200D273E6 /* Resources */,
			);
			buildRules = (
			);
			dependencies = (
			);
			name = Memevers2.0;
			productName = Memevers1.0;
			productReference = 186EB4EC26B5C17200D273E6 /* Memevers2.0.app */;
			productType = "com.apple.product-type.application";
		};
/* End PBXNativeTarget section */

/* Begin PBXProject section */
		186EB4E426B5C17200D273E6 /* Project object */ = {
			isa = PBXProject;
			attributes = {
				LastSwiftUpdateCheck = 1240;
				LastUpgradeCheck = 1240;
				TargetAttributes = {
					186EB4EB26B5C17200D273E6 = {
						CreatedOnToolsVersion = 12.4;
					};
				};
			};
			buildConfigurationList = 186EB4E726B5C17200D273E6 /* Build configuration list for PBXProject "Memevers2.0" */;
			compatibilityVersion = "Xcode 9.3";
			developmentRegion = en;
			hasScannedForEncodings = 0;
			knownRegions = (
				en,
				Base,
			);
			mainGroup = 186EB4E326B5C17200D273E6;
			productRefGroup = 186EB4ED26B5C17200D273E6 /* Products */;
			projectDirPath = "";
			projectRoot = "";
			targets = (
				186EB4EB26B5C17200D273E6 /* Memevers2.0 */,
			);
		};
/* End PBXProject section */

/* Begin PBXResourcesBuildPhase section */
		186EB4EA26B5C17200D273E6 /* Resources */ = {
			isa = PBXResourcesBuildPhase;
			buildActionMask = 2147483647;
			files = (
				181FBC0E26B5DFCE0044398F /* impact.ttf in Resources */,
				186EB4FC26B5C17400D273E6 /* LaunchScreen.storyboard in Resources */,
				186EB4F926B5C17400D273E6 /* Assets.xcassets in Resources */,
				186EB4F726B5C17200D273E6 /* Main.storyboard in Resources */,
			);
			runOnlyForDeploymentPostprocessing = 0;
		};
/* End PBXResourcesBuildPhase section */

/* Begin PBXSourcesBuildPhase section */
		186EB4E826B5C17200D273E6 /* Sources */ = {
			isa = PBXSourcesBuildPhase;
			buildActionMask = 2147483647;
			files = (
				186EB4F426B5C17200D273E6 /* ViewController.swift in Sources */,
				0EA7B4022715BF2A007A69EC /* SentMemesTableViewController.swift in Sources */,
				0EA7B4002715BE68007A69EC /* SentMemesCollectionViewController.swift in Sources */,
				0E398E942715EC3F0026160D /* CollectionViewCell.swift in Sources */,
				18310E8426CDEA6A00206133 /* Meme.swift in Sources */,
				186EB4F026B5C17200D273E6 /* AppDelegate.swift in Sources */,
				186EB4F226B5C17200D273E6 /* SceneDelegate.swift in Sources */,
			);
			runOnlyForDeploymentPostprocessing = 0;
		};
/* End PBXSourcesBuildPhase section */

/* Begin PBXVariantGroup section */
		186EB4F526B5C17200D273E6 /* Main.storyboard */ = {
			isa = PBXVariantGroup;
			children = (
				186EB4F626B5C17200D273E6 /* Base */,
			);
			name = Main.storyboard;
			sourceTree = "<group>";
		};
		186EB4FA26B5C17400D273E6 /* LaunchScreen.storyboard */ = {
			isa = PBXVariantGroup;
			children = (
				186EB4FB26B5C17400D273E6 /* Base */,
			);
			name = LaunchScreen.storyboard;
			sourceTree = "<group>";
		};
/* End PBXVariantGroup section */

/* Begin XCBuildConfiguration section */
		186EB4FE26B5C17400D273E6 /* Debug */ = {
			isa = XCBuildConfiguration;
			buildSettings = {
				ALWAYS_SEARCH_USER_PATHS = NO;
				CLANG_ANALYZER_NONNULL = YES;
				CLANG_ANALYZER_NUMBER_OBJECT_CONVERSION = YES_AGGRESSIVE;
				CLANG_CXX_LANGUAGE_STANDARD = "gnu++14";
				CLANG_CXX_LIBRARY = "libc++";
				CLANG_ENABLE_MODULES = YES;
				CLANG_ENABLE_OBJC_ARC = YES;
				CLANG_ENABLE_OBJC_WEAK = YES;
				CLANG_WARN_BLOCK_CAPTURE_AUTORELEASING = YES;
				CLANG_WARN_BOOL_CONVERSION = YES;
				CLANG_WARN_COMMA = YES;
				CLANG_WARN_CONSTANT_CONVERSION = YES;
				CLANG_WARN_DEPRECATED_OBJC_IMPLEMENTATIONS = YES;
				CLANG_WARN_DIRECT_OBJC_ISA_USAGE = YES_ERROR;
				CLANG_WARN_DOCUMENTATION_COMMENTS = YES;
				CLANG_WARN_EMPTY_BODY = YES;
				CLANG_WARN_ENUM_CONVERSION = YES;
				CLANG_WARN_INFINITE_RECURSION = YES;
				CLANG_WARN_INT_CONVERSION = YES;
				CLANG_WARN_NON_LITERAL_NULL_CONVERSION = YES;
				CLANG_WARN_OBJC_IMPLICIT_RETAIN_SELF = YES;
				CLANG_WARN_OBJC_LITERAL_CONVERSION = YES;
				CLANG_WARN_OBJC_ROOT_CLASS = YES_ERROR;
				CLANG_WARN_QUOTED_INCLUDE_IN_FRAMEWORK_HEADER = YES;
				CLANG_WARN_RANGE_LOOP_ANALYSIS = YES;
				CLANG_WARN_STRICT_PROTOTYPES = YES;
				CLANG_WARN_SUSPICIOUS_MOVE = YES;
				CLANG_WARN_UNGUARDED_AVAILABILITY = YES_AGGRESSIVE;
				CLANG_WARN_UNREACHABLE_CODE = YES;
				CLANG_WARN__DUPLICATE_METHOD_MATCH = YES;
				COPY_PHASE_STRIP = NO;
				DEBUG_INFORMATION_FORMAT = dwarf;
				ENABLE_STRICT_OBJC_MSGSEND = YES;
				ENABLE_TESTABILITY = YES;
				GCC_C_LANGUAGE_STANDARD = gnu11;
				GCC_DYNAMIC_NO_PIC = NO;
				GCC_NO_COMMON_BLOCKS = YES;
				GCC_OPTIMIZATION_LEVEL = 0;
				GCC_PREPROCESSOR_DEFINITIONS = (
					"DEBUG=1",
					"$(inherited)",
				);
				GCC_WARN_64_TO_32_BIT_CONVERSION = YES;
				GCC_WARN_ABOUT_RETURN_TYPE = YES_ERROR;
				GCC_WARN_UNDECLARED_SELECTOR = YES;
				GCC_WARN_UNINITIALIZED_AUTOS = YES_AGGRESSIVE;
				GCC_WARN_UNUSED_FUNCTION = YES;
				GCC_WARN_UNUSED_VARIABLE = YES;
				IPHONEOS_DEPLOYMENT_TARGET = 14.4;
				MTL_ENABLE_DEBUG_INFO = INCLUDE_SOURCE;
				MTL_FAST_MATH = YES;
				ONLY_ACTIVE_ARCH = YES;
				SDKROOT = iphoneos;
				SWIFT_ACTIVE_COMPILATION_CONDITIONS = DEBUG;
				SWIFT_OPTIMIZATION_LEVEL = "-Onone";
			};
			name = Debug;
		};
		186EB4FF26B5C17400D273E6 /* Release */ = {
			isa = XCBuildConfiguration;
			buildSettings = {
				ALWAYS_SEARCH_USER_PATHS = NO;
				CLANG_ANALYZER_NONNULL = YES;
				CLANG_ANALYZER_NUMBER_OBJECT_CONVERSION = YES_AGGRESSIVE;
				CLANG_CXX_LANGUAGE_STANDARD = "gnu++14";
				CLANG_CXX_LIBRARY = "libc++";
				CLANG_ENABLE_MODULES = YES;
				CLANG_ENABLE_OBJC_ARC = YES;
				CLANG_ENABLE_OBJC_WEAK = YES;
				CLANG_WARN_BLOCK_CAPTURE_AUTORELEASING = YES;
				CLANG_WARN_BOOL_CONVERSION = YES;
				CLANG_WARN_COMMA = YES;
				CLANG_WARN_CONSTANT_CONVERSION = YES;
				CLANG_WARN_DEPRECATED_OBJC_IMPLEMENTATIONS = YES;
				CLANG_WARN_DIRECT_OBJC_ISA_USAGE = YES_ERROR;
				CLANG_WARN_DOCUMENTATION_COMMENTS = YES;
				CLANG_WARN_EMPTY_BODY = YES;
				CLANG_WARN_ENUM_CONVERSION = YES;
				CLANG_WARN_INFINITE_RECURSION = YES;
				CLANG_WARN_INT_CONVERSION = YES;
				CLANG_WARN_NON_LITERAL_NULL_CONVERSION = YES;
				CLANG_WARN_OBJC_IMPLICIT_RETAIN_SELF = YES;
				CLANG_WARN_OBJC_LITERAL_CONVERSION = YES;
				CLANG_WARN_OBJC_ROOT_CLASS = YES_ERROR;
				CLANG_WARN_QUOTED_INCLUDE_IN_FRAMEWORK_HEADER = YES;
				CLANG_WARN_RANGE_LOOP_ANALYSIS = YES;
				CLANG_WARN_STRICT_PROTOTYPES = YES;
				CLANG_WARN_SUSPICIOUS_MOVE = YES;
				CLANG_WARN_UNGUARDED_AVAILABILITY = YES_AGGRESSIVE;
				CLANG_WARN_UNREACHABLE_CODE = YES;
				CLANG_WARN__DUPLICATE_METHOD_MATCH = YES;
				COPY_PHASE_STRIP = NO;
				DEBUG_INFORMATION_FORMAT = "dwarf-with-dsym";
				ENABLE_NS_ASSERTIONS = NO;
				ENABLE_STRICT_OBJC_MSGSEND = YES;
				GCC_C_LANGUAGE_STANDARD = gnu11;
				GCC_NO_COMMON_BLOCKS = YES;
				GCC_WARN_64_TO_32_BIT_CONVERSION = YES;
				GCC_WARN_ABOUT_RETURN_TYPE = YES_ERROR;
				GCC_WARN_UNDECLARED_SELECTOR = YES;
				GCC_WARN_UNINITIALIZED_AUTOS = YES_AGGRESSIVE;
				GCC_WARN_UNUSED_FUNCTION = YES;
				GCC_WARN_UNUSED_VARIABLE = YES;
				IPHONEOS_DEPLOYMENT_TARGET = 14.4;
				MTL_ENABLE_DEBUG_INFO = NO;
				MTL_FAST_MATH = YES;
				SDKROOT = iphoneos;
				SWIFT_COMPILATION_MODE = wholemodule;
				SWIFT_OPTIMIZATION_LEVEL = "-O";
				VALIDATE_PRODUCT = YES;
			};
			name = Release;
		};
		186EB50126B5C17400D273E6 /* Debug */ = {
			isa = XCBuildConfiguration;
			buildSettings = {
				ASSETCATALOG_COMPILER_APPICON_NAME = AppIcon;
				ASSETCATALOG_COMPILER_GLOBAL_ACCENT_COLOR_NAME = AccentColor;
				CODE_SIGN_IDENTITY = "Apple Development";
				CODE_SIGN_STYLE = Automatic;
				DEVELOPMENT_TEAM = HZM424WYHH;
				INFOPLIST_FILE = Memevers2.0/Info.plist;
				IPHONEOS_DEPLOYMENT_TARGET = 14.4;
				LD_RUNPATH_SEARCH_PATHS = (
					"$(inherited)",
					"@executable_path/Frameworks",
				);
				PRODUCT_BUNDLE_IDENTIFIER = "com.udacity.Memevers2-0";
				PRODUCT_NAME = "$(TARGET_NAME)";
				PROVISIONING_PROFILE_SPECIFIER = "";
				SWIFT_VERSION = 5.0;
				TARGETED_DEVICE_FAMILY = "1,2";
			};
			name = Debug;
		};
		186EB50226B5C17400D273E6 /* Release */ = {
			isa = XCBuildConfiguration;
			buildSettings = {
				ASSETCATALOG_COMPILER_APPICON_NAME = AppIcon;
				ASSETCATALOG_COMPILER_GLOBAL_ACCENT_COLOR_NAME = AccentColor;
				CODE_SIGN_IDENTITY = "Apple Development";
				CODE_SIGN_STYLE = Automatic;
				DEVELOPMENT_TEAM = HZM424WYHH;
				INFOPLIST_FILE = Memevers2.0/Info.plist;
				IPHONEOS_DEPLOYMENT_TARGET = 14.4;
				LD_RUNPATH_SEARCH_PATHS = (
					"$(inherited)",
					"@executable_path/Frameworks",
				);
				PRODUCT_BUNDLE_IDENTIFIER = "com.udacity.Memevers2-0";
				PRODUCT_NAME = "$(TARGET_NAME)";
				PROVISIONING_PROFILE_SPECIFIER = "";
				SWIFT_VERSION = 5.0;
				TARGETED_DEVICE_FAMILY = "1,2";
			};
			name = Release;
		};
/* End XCBuildConfiguration section */

/* Begin XCConfigurationList section */
		186EB4E726B5C17200D273E6 /* Build configuration list for PBXProject "Memevers2.0" */ = {
			isa = XCConfigurationList;
			buildConfigurations = (
				186EB4FE26B5C17400D273E6 /* Debug */,
				186EB4FF26B5C17400D273E6 /* Release */,
			);
			defaultConfigurationIsVisible = 0;
			defaultConfigurationName = Release;
		};
		186EB50026B5C17400D273E6 /* Build configuration list for PBXNativeTarget "Memevers2.0" */ = {
			isa = XCConfigurationList;
			buildConfigurations = (
				186EB50126B5C17400D273E6 /* Debug */,
				186EB50226B5C17400D273E6 /* Release */,
			);
			defaultConfigurationIsVisible = 0;
			defaultConfigurationName = Release;
		};
/* End XCConfigurationList section */
	};
	rootObject = 186EB4E426B5C17200D273E6 /* Project object */;
}
